// !$*UTF8*$!
{
	archiveVersion = 1;
	classes = {
	};
	objectVersion = 50;
	objects = {

/* Begin PBXBuildFile section */
		7B738AF92183184000A29EF1 /* AppDelegate.swift in Sources */ = {isa = PBXBuildFile; fileRef = 7B738AF82183184000A29EF1 /* AppDelegate.swift */; };
		7B738AFE2183184000A29EF1 /* Main.storyboard in Resources */ = {isa = PBXBuildFile; fileRef = 7B738AFC2183184000A29EF1 /* Main.storyboard */; };
		7B738B002183184400A29EF1 /* Assets.xcassets in Resources */ = {isa = PBXBuildFile; fileRef = 7B738AFF2183184400A29EF1 /* Assets.xcassets */; };
		7B738B032183184400A29EF1 /* LaunchScreen.storyboard in Resources */ = {isa = PBXBuildFile; fileRef = 7B738B012183184400A29EF1 /* LaunchScreen.storyboard */; };
		7B738B3121831ACF00A29EF1 /* FlickrFeedViewModel.swift in Sources */ = {isa = PBXBuildFile; fileRef = 7B738B3021831ACF00A29EF1 /* FlickrFeedViewModel.swift */; };
		7B738B3321831AEF00A29EF1 /* FlickrFeedViewController.swift in Sources */ = {isa = PBXBuildFile; fileRef = 7B738B3221831AEF00A29EF1 /* FlickrFeedViewController.swift */; };
		7B738B3721831B2800A29EF1 /* FlickrFeedService.swift in Sources */ = {isa = PBXBuildFile; fileRef = 7B738B3621831B2800A29EF1 /* FlickrFeedService.swift */; };
		7B738B3A21831B4500A29EF1 /* FlickrFeed.swift in Sources */ = {isa = PBXBuildFile; fileRef = 7B738B3921831B4500A29EF1 /* FlickrFeed.swift */; };
		7B738B4121831C3900A29EF1 /* FlickrFeedViewModelTests.swift in Sources */ = {isa = PBXBuildFile; fileRef = 7B738B4021831C3900A29EF1 /* FlickrFeedViewModelTests.swift */; };
		7B738B4321831C5A00A29EF1 /* FlickrFeedServiceTests.swift in Sources */ = {isa = PBXBuildFile; fileRef = 7B738B4221831C5A00A29EF1 /* FlickrFeedServiceTests.swift */; };
		7B738B4521831CB500A29EF1 /* Constants.swift in Sources */ = {isa = PBXBuildFile; fileRef = 7B738B4421831CB500A29EF1 /* Constants.swift */; };
		7B738B4721831E9D00A29EF1 /* FlickrFeedUITests.swift in Sources */ = {isa = PBXBuildFile; fileRef = 7B738B4621831E9D00A29EF1 /* FlickrFeedUITests.swift */; };
/* End PBXBuildFile section */

/* Begin PBXContainerItemProxy section */
		7B738B0A2183184400A29EF1 /* PBXContainerItemProxy */ = {
			isa = PBXContainerItemProxy;
			containerPortal = 7B738AED2183184000A29EF1 /* Project object */;
			proxyType = 1;
			remoteGlobalIDString = 7B738AF42183184000A29EF1;
			remoteInfo = Flickr;
		};
		7B738B152183184400A29EF1 /* PBXContainerItemProxy */ = {
			isa = PBXContainerItemProxy;
			containerPortal = 7B738AED2183184000A29EF1 /* Project object */;
			proxyType = 1;
			remoteGlobalIDString = 7B738AF42183184000A29EF1;
			remoteInfo = Flickr;
		};
/* End PBXContainerItemProxy section */

/* Begin PBXFileReference section */
		7B738AF52183184000A29EF1 /* Flickr.app */ = {isa = PBXFileReference; explicitFileType = wrapper.application; includeInIndex = 0; path = Flickr.app; sourceTree = BUILT_PRODUCTS_DIR; };
		7B738AF82183184000A29EF1 /* AppDelegate.swift */ = {isa = PBXFileReference; lastKnownFileType = sourcecode.swift; path = AppDelegate.swift; sourceTree = "<group>"; };
		7B738AFD2183184000A29EF1 /* Base */ = {isa = PBXFileReference; lastKnownFileType = file.storyboard; name = Base; path = Base.lproj/Main.storyboard; sourceTree = "<group>"; };
		7B738AFF2183184400A29EF1 /* Assets.xcassets */ = {isa = PBXFileReference; lastKnownFileType = folder.assetcatalog; path = Assets.xcassets; sourceTree = "<group>"; };
		7B738B022183184400A29EF1 /* Base */ = {isa = PBXFileReference; lastKnownFileType = file.storyboard; name = Base; path = Base.lproj/LaunchScreen.storyboard; sourceTree = "<group>"; };
		7B738B042183184400A29EF1 /* Info.plist */ = {isa = PBXFileReference; lastKnownFileType = text.plist.xml; path = Info.plist; sourceTree = "<group>"; };
		7B738B092183184400A29EF1 /* FlickrTests.xctest */ = {isa = PBXFileReference; explicitFileType = wrapper.cfbundle; includeInIndex = 0; path = FlickrTests.xctest; sourceTree = BUILT_PRODUCTS_DIR; };
		7B738B0F2183184400A29EF1 /* Info.plist */ = {isa = PBXFileReference; lastKnownFileType = text.plist.xml; path = Info.plist; sourceTree = "<group>"; };
		7B738B142183184400A29EF1 /* FlickrUITests.xctest */ = {isa = PBXFileReference; explicitFileType = wrapper.cfbundle; includeInIndex = 0; path = FlickrUITests.xctest; sourceTree = BUILT_PRODUCTS_DIR; };
		7B738B1A2183184400A29EF1 /* Info.plist */ = {isa = PBXFileReference; lastKnownFileType = text.plist.xml; path = Info.plist; sourceTree = "<group>"; };
		7B738B3021831ACF00A29EF1 /* FlickrFeedViewModel.swift */ = {isa = PBXFileReference; lastKnownFileType = sourcecode.swift; path = FlickrFeedViewModel.swift; sourceTree = "<group>"; };
		7B738B3221831AEF00A29EF1 /* FlickrFeedViewController.swift */ = {isa = PBXFileReference; lastKnownFileType = sourcecode.swift; path = FlickrFeedViewController.swift; sourceTree = "<group>"; };
		7B738B3621831B2800A29EF1 /* FlickrFeedService.swift */ = {isa = PBXFileReference; lastKnownFileType = sourcecode.swift; path = FlickrFeedService.swift; sourceTree = "<group>"; };
		7B738B3921831B4500A29EF1 /* FlickrFeed.swift */ = {isa = PBXFileReference; lastKnownFileType = sourcecode.swift; path = FlickrFeed.swift; sourceTree = "<group>"; };
		7B738B4021831C3900A29EF1 /* FlickrFeedViewModelTests.swift */ = {isa = PBXFileReference; lastKnownFileType = sourcecode.swift; path = FlickrFeedViewModelTests.swift; sourceTree = "<group>"; };
		7B738B4221831C5A00A29EF1 /* FlickrFeedServiceTests.swift */ = {isa = PBXFileReference; lastKnownFileType = sourcecode.swift; path = FlickrFeedServiceTests.swift; sourceTree = "<group>"; };
		7B738B4421831CB500A29EF1 /* Constants.swift */ = {isa = PBXFileReference; lastKnownFileType = sourcecode.swift; path = Constants.swift; sourceTree = "<group>"; };
		7B738B4621831E9D00A29EF1 /* FlickrFeedUITests.swift */ = {isa = PBXFileReference; lastKnownFileType = sourcecode.swift; path = FlickrFeedUITests.swift; sourceTree = "<group>"; };
/* End PBXFileReference section */

/* Begin PBXFrameworksBuildPhase section */
		7B738AF22183184000A29EF1 /* Frameworks */ = {
			isa = PBXFrameworksBuildPhase;
			buildActionMask = 2147483647;
			files = (
			);
			runOnlyForDeploymentPostprocessing = 0;
		};
		7B738B062183184400A29EF1 /* Frameworks */ = {
			isa = PBXFrameworksBuildPhase;
			buildActionMask = 2147483647;
			files = (
			);
			runOnlyForDeploymentPostprocessing = 0;
		};
		7B738B112183184400A29EF1 /* Frameworks */ = {
			isa = PBXFrameworksBuildPhase;
			buildActionMask = 2147483647;
			files = (
			);
			runOnlyForDeploymentPostprocessing = 0;
		};
/* End PBXFrameworksBuildPhase section */

/* Begin PBXGroup section */
		7B738AEC2183184000A29EF1 = {
			isa = PBXGroup;
			children = (
				7B738AF72183184000A29EF1 /* Flickr */,
				7B738B0C2183184400A29EF1 /* FlickrTests */,
				7B738B172183184400A29EF1 /* FlickrUITests */,
				7B738AF62183184000A29EF1 /* Products */,
			);
			sourceTree = "<group>";
		};
		7B738AF62183184000A29EF1 /* Products */ = {
			isa = PBXGroup;
			children = (
				7B738AF52183184000A29EF1 /* Flickr.app */,
				7B738B092183184400A29EF1 /* FlickrTests.xctest */,
				7B738B142183184400A29EF1 /* FlickrUITests.xctest */,
			);
			name = Products;
			sourceTree = "<group>";
		};
		7B738AF72183184000A29EF1 /* Flickr */ = {
			isa = PBXGroup;
			children = (
				7B738B29218318A100A29EF1 /* UI */,
				7B738B282183189400A29EF1 /* Business */,
				7B738B272183188700A29EF1 /* Platform */,
				7B738B262183187000A29EF1 /* Constants */,
				7B738AF82183184000A29EF1 /* AppDelegate.swift */,
				7B738AFC2183184000A29EF1 /* Main.storyboard */,
				7B738AFF2183184400A29EF1 /* Assets.xcassets */,
				7B738B012183184400A29EF1 /* LaunchScreen.storyboard */,
				7B738B042183184400A29EF1 /* Info.plist */,
			);
			path = Flickr;
			sourceTree = "<group>";
		};
		7B738B0C2183184400A29EF1 /* FlickrTests */ = {
			isa = PBXGroup;
			children = (
				7B738B3C21831BCE00A29EF1 /* AppTests */,
				7B738B3B21831BC000A29EF1 /* BusinessTests */,
				7B738B0F2183184400A29EF1 /* Info.plist */,
			);
			path = FlickrTests;
			sourceTree = "<group>";
		};
		7B738B172183184400A29EF1 /* FlickrUITests */ = {
			isa = PBXGroup;
			children = (
				7B738B3D21831BDA00A29EF1 /* FlickrListTests */,
				7B738B1A2183184400A29EF1 /* Info.plist */,
			);
			path = FlickrUITests;
			sourceTree = "<group>";
		};
		7B738B262183187000A29EF1 /* Constants */ = {
			isa = PBXGroup;
			children = (
				7B738B4421831CB500A29EF1 /* Constants.swift */,
			);
			path = Constants;
			sourceTree = "<group>";
		};
		7B738B272183188700A29EF1 /* Platform */ = {
			isa = PBXGroup;
			children = (
			);
			path = Platform;
			sourceTree = "<group>";
		};
		7B738B282183189400A29EF1 /* Business */ = {
			isa = PBXGroup;
			children = (
				7B738B3521831B0B00A29EF1 /* Service */,
				7B738B3421831B0200A29EF1 /* Model */,
			);
			path = Business;
			sourceTree = "<group>";
		};
		7B738B29218318A100A29EF1 /* UI */ = {
			isa = PBXGroup;
			children = (
				7B738B2A218318B200A29EF1 /* FlickrList */,
			);
			path = UI;
			sourceTree = "<group>";
		};
		7B738B2A218318B200A29EF1 /* FlickrList */ = {
			isa = PBXGroup;
			children = (
				7B738B2D2183191300A29EF1 /* View */,
				7B738B2C2183190700A29EF1 /* Controller */,
				7B738B2B218318FC00A29EF1 /* ViewModel */,
			);
			path = FlickrList;
			sourceTree = "<group>";
		};
		7B738B2B218318FC00A29EF1 /* ViewModel */ = {
			isa = PBXGroup;
			children = (
				7B738B3021831ACF00A29EF1 /* FlickrFeedViewModel.swift */,
			);
			path = ViewModel;
			sourceTree = "<group>";
		};
		7B738B2C2183190700A29EF1 /* Controller */ = {
			isa = PBXGroup;
			children = (
				7B738B3221831AEF00A29EF1 /* FlickrFeedViewController.swift */,
			);
			path = Controller;
			sourceTree = "<group>";
		};
		7B738B2D2183191300A29EF1 /* View */ = {
			isa = PBXGroup;
			children = (
			);
			path = View;
			sourceTree = "<group>";
		};
		7B738B3421831B0200A29EF1 /* Model */ = {
			isa = PBXGroup;
			children = (
				7B738B3921831B4500A29EF1 /* FlickrFeed.swift */,
			);
			path = Model;
			sourceTree = "<group>";
		};
		7B738B3521831B0B00A29EF1 /* Service */ = {
			isa = PBXGroup;
			children = (
				7B738B3621831B2800A29EF1 /* FlickrFeedService.swift */,
			);
			path = Service;
			sourceTree = "<group>";
		};
		7B738B3B21831BC000A29EF1 /* BusinessTests */ = {
			isa = PBXGroup;
			children = (
				7B738B3F21831C0700A29EF1 /* Mocks */,
				7B738B4221831C5A00A29EF1 /* FlickrFeedServiceTests.swift */,
			);
			path = BusinessTests;
			sourceTree = "<group>";
		};
		7B738B3C21831BCE00A29EF1 /* AppTests */ = {
			isa = PBXGroup;
			children = (
				7B738B3E21831C0000A29EF1 /* Mocks */,
				7B738B4021831C3900A29EF1 /* FlickrFeedViewModelTests.swift */,
			);
			path = AppTests;
			sourceTree = "<group>";
		};
		7B738B3D21831BDA00A29EF1 /* FlickrListTests */ = {
			isa = PBXGroup;
			children = (
				7B738B4621831E9D00A29EF1 /* FlickrFeedUITests.swift */,
			);
			path = FlickrListTests;
			sourceTree = "<group>";
		};
		7B738B3E21831C0000A29EF1 /* Mocks */ = {
			isa = PBXGroup;
			children = (
			);
			path = Mocks;
			sourceTree = "<group>";
		};
		7B738B3F21831C0700A29EF1 /* Mocks */ = {
			isa = PBXGroup;
			children = (
			);
			path = Mocks;
			sourceTree = "<group>";
		};
/* End PBXGroup section */

/* Begin PBXNativeTarget section */
		7B738AF42183184000A29EF1 /* Flickr */ = {
			isa = PBXNativeTarget;
			buildConfigurationList = 7B738B1D2183184400A29EF1 /* Build configuration list for PBXNativeTarget "Flickr" */;
			buildPhases = (
				7B738AF12183184000A29EF1 /* Sources */,
				7B738AF22183184000A29EF1 /* Frameworks */,
				7B738AF32183184000A29EF1 /* Resources */,
			);
			buildRules = (
			);
			dependencies = (
			);
			name = Flickr;
			productName = Flickr;
			productReference = 7B738AF52183184000A29EF1 /* Flickr.app */;
			productType = "com.apple.product-type.application";
		};
		7B738B082183184400A29EF1 /* FlickrTests */ = {
			isa = PBXNativeTarget;
			buildConfigurationList = 7B738B202183184400A29EF1 /* Build configuration list for PBXNativeTarget "FlickrTests" */;
			buildPhases = (
				7B738B052183184400A29EF1 /* Sources */,
				7B738B062183184400A29EF1 /* Frameworks */,
				7B738B072183184400A29EF1 /* Resources */,
			);
			buildRules = (
			);
			dependencies = (
				7B738B0B2183184400A29EF1 /* PBXTargetDependency */,
			);
			name = FlickrTests;
			productName = FlickrTests;
			productReference = 7B738B092183184400A29EF1 /* FlickrTests.xctest */;
			productType = "com.apple.product-type.bundle.unit-test";
		};
		7B738B132183184400A29EF1 /* FlickrUITests */ = {
			isa = PBXNativeTarget;
			buildConfigurationList = 7B738B232183184400A29EF1 /* Build configuration list for PBXNativeTarget "FlickrUITests" */;
			buildPhases = (
				7B738B102183184400A29EF1 /* Sources */,
				7B738B112183184400A29EF1 /* Frameworks */,
				7B738B122183184400A29EF1 /* Resources */,
			);
			buildRules = (
			);
			dependencies = (
				7B738B162183184400A29EF1 /* PBXTargetDependency */,
			);
			name = FlickrUITests;
			productName = FlickrUITests;
			productReference = 7B738B142183184400A29EF1 /* FlickrUITests.xctest */;
			productType = "com.apple.product-type.bundle.ui-testing";
		};
/* End PBXNativeTarget section */

/* Begin PBXProject section */
		7B738AED2183184000A29EF1 /* Project object */ = {
			isa = PBXProject;
			attributes = {
				LastSwiftUpdateCheck = 0940;
				LastUpgradeCheck = 0940;
				ORGANIZATIONNAME = Universe;
				TargetAttributes = {
					7B738AF42183184000A29EF1 = {
						CreatedOnToolsVersion = 9.4.1;
					};
					7B738B082183184400A29EF1 = {
						CreatedOnToolsVersion = 9.4.1;
						LastSwiftMigration = 0940;
						TestTargetID = 7B738AF42183184000A29EF1;
					};
					7B738B132183184400A29EF1 = {
						CreatedOnToolsVersion = 9.4.1;
						TestTargetID = 7B738AF42183184000A29EF1;
					};
				};
			};
			buildConfigurationList = 7B738AF02183184000A29EF1 /* Build configuration list for PBXProject "Flickr" */;
			compatibilityVersion = "Xcode 9.3";
			developmentRegion = en;
			hasScannedForEncodings = 0;
			knownRegions = (
				en,
				Base,
			);
			mainGroup = 7B738AEC2183184000A29EF1;
			productRefGroup = 7B738AF62183184000A29EF1 /* Products */;
			projectDirPath = "";
			projectRoot = "";
			targets = (
				7B738AF42183184000A29EF1 /* Flickr */,
				7B738B082183184400A29EF1 /* FlickrTests */,
				7B738B132183184400A29EF1 /* FlickrUITests */,
			);
		};
/* End PBXProject section */

/* Begin PBXResourcesBuildPhase section */
		7B738AF32183184000A29EF1 /* Resources */ = {
			isa = PBXResourcesBuildPhase;
			buildActionMask = 2147483647;
			files = (
				7B738B032183184400A29EF1 /* LaunchScreen.storyboard in Resources */,
				7B738B002183184400A29EF1 /* Assets.xcassets in Resources */,
				7B738AFE2183184000A29EF1 /* Main.storyboard in Resources */,
			);
			runOnlyForDeploymentPostprocessing = 0;
		};
		7B738B072183184400A29EF1 /* Resources */ = {
			isa = PBXResourcesBuildPhase;
			buildActionMask = 2147483647;
			files = (
			);
			runOnlyForDeploymentPostprocessing = 0;
		};
		7B738B122183184400A29EF1 /* Resources */ = {
			isa = PBXResourcesBuildPhase;
			buildActionMask = 2147483647;
			files = (
			);
			runOnlyForDeploymentPostprocessing = 0;
		};
/* End PBXResourcesBuildPhase section */

/* Begin PBXSourcesBuildPhase section */
		7B738AF12183184000A29EF1 /* Sources */ = {
			isa = PBXSourcesBuildPhase;
			buildActionMask = 2147483647;
			files = (
				7B738B3321831AEF00A29EF1 /* FlickrFeedViewController.swift in Sources */,
				7B738B3A21831B4500A29EF1 /* FlickrFeed.swift in Sources */,
				7B738AF92183184000A29EF1 /* AppDelegate.swift in Sources */,
				7B738B3721831B2800A29EF1 /* FlickrFeedService.swift in Sources */,
				7B738B3121831ACF00A29EF1 /* FlickrFeedViewModel.swift in Sources */,
				7B738B4521831CB500A29EF1 /* Constants.swift in Sources */,
			);
			runOnlyForDeploymentPostprocessing = 0;
		};
		7B738B052183184400A29EF1 /* Sources */ = {
			isa = PBXSourcesBuildPhase;
			buildActionMask = 2147483647;
			files = (
				7B738B4321831C5A00A29EF1 /* FlickrFeedServiceTests.swift in Sources */,
				7B738B4121831C3900A29EF1 /* FlickrFeedViewModelTests.swift in Sources */,
			);
			runOnlyForDeploymentPostprocessing = 0;
		};
		7B738B102183184400A29EF1 /* Sources */ = {
			isa = PBXSourcesBuildPhase;
			buildActionMask = 2147483647;
			files = (
				7B738B4721831E9D00A29EF1 /* FlickrFeedUITests.swift in Sources */,
			);
			runOnlyForDeploymentPostprocessing = 0;
		};
/* End PBXSourcesBuildPhase section */

/* Begin PBXTargetDependency section */
		7B738B0B2183184400A29EF1 /* PBXTargetDependency */ = {
			isa = PBXTargetDependency;
			target = 7B738AF42183184000A29EF1 /* Flickr */;
			targetProxy = 7B738B0A2183184400A29EF1 /* PBXContainerItemProxy */;
		};
		7B738B162183184400A29EF1 /* PBXTargetDependency */ = {
			isa = PBXTargetDependency;
			target = 7B738AF42183184000A29EF1 /* Flickr */;
			targetProxy = 7B738B152183184400A29EF1 /* PBXContainerItemProxy */;
		};
/* End PBXTargetDependency section */

/* Begin PBXVariantGroup section */
		7B738AFC2183184000A29EF1 /* Main.storyboard */ = {
			isa = PBXVariantGroup;
			children = (
				7B738AFD2183184000A29EF1 /* Base */,
			);
			name = Main.storyboard;
			sourceTree = "<group>";
		};
		7B738B012183184400A29EF1 /* LaunchScreen.storyboard */ = {
			isa = PBXVariantGroup;
			children = (
				7B738B022183184400A29EF1 /* Base */,
			);
			name = LaunchScreen.storyboard;
			sourceTree = "<group>";
		};
/* End PBXVariantGroup section */

/* Begin XCBuildConfiguration section */
		7B738B1B2183184400A29EF1 /* Debug */ = {
			isa = XCBuildConfiguration;
			buildSettings = {
				ALWAYS_SEARCH_USER_PATHS = NO;
				CLANG_ANALYZER_NONNULL = YES;
				CLANG_ANALYZER_NUMBER_OBJECT_CONVERSION = YES_AGGRESSIVE;
				CLANG_CXX_LANGUAGE_STANDARD = "gnu++14";
				CLANG_CXX_LIBRARY = "libc++";
				CLANG_ENABLE_MODULES = YES;
				CLANG_ENABLE_OBJC_ARC = YES;
				CLANG_ENABLE_OBJC_WEAK = YES;
				CLANG_WARN_BLOCK_CAPTURE_AUTORELEASING = YES;
				CLANG_WARN_BOOL_CONVERSION = YES;
				CLANG_WARN_COMMA = YES;
				CLANG_WARN_CONSTANT_CONVERSION = YES;
				CLANG_WARN_DEPRECATED_OBJC_IMPLEMENTATIONS = YES;
				CLANG_WARN_DIRECT_OBJC_ISA_USAGE = YES_ERROR;
				CLANG_WARN_DOCUMENTATION_COMMENTS = YES;
				CLANG_WARN_EMPTY_BODY = YES;
				CLANG_WARN_ENUM_CONVERSION = YES;
				CLANG_WARN_INFINITE_RECURSION = YES;
				CLANG_WARN_INT_CONVERSION = YES;
				CLANG_WARN_NON_LITERAL_NULL_CONVERSION = YES;
				CLANG_WARN_OBJC_IMPLICIT_RETAIN_SELF = YES;
				CLANG_WARN_OBJC_LITERAL_CONVERSION = YES;
				CLANG_WARN_OBJC_ROOT_CLASS = YES_ERROR;
				CLANG_WARN_RANGE_LOOP_ANALYSIS = YES;
				CLANG_WARN_STRICT_PROTOTYPES = YES;
				CLANG_WARN_SUSPICIOUS_MOVE = YES;
				CLANG_WARN_UNGUARDED_AVAILABILITY = YES_AGGRESSIVE;
				CLANG_WARN_UNREACHABLE_CODE = YES;
				CLANG_WARN__DUPLICATE_METHOD_MATCH = YES;
				CODE_SIGN_IDENTITY = "iPhone Developer";
				COPY_PHASE_STRIP = NO;
				DEBUG_INFORMATION_FORMAT = dwarf;
				ENABLE_STRICT_OBJC_MSGSEND = YES;
				ENABLE_TESTABILITY = YES;
				GCC_C_LANGUAGE_STANDARD = gnu11;
				GCC_DYNAMIC_NO_PIC = NO;
				GCC_NO_COMMON_BLOCKS = YES;
				GCC_OPTIMIZATION_LEVEL = 0;
				GCC_PREPROCESSOR_DEFINITIONS = (
					"DEBUG=1",
					"$(inherited)",
				);
				GCC_WARN_64_TO_32_BIT_CONVERSION = YES;
				GCC_WARN_ABOUT_RETURN_TYPE = YES_ERROR;
				GCC_WARN_UNDECLARED_SELECTOR = YES;
				GCC_WARN_UNINITIALIZED_AUTOS = YES_AGGRESSIVE;
				GCC_WARN_UNUSED_FUNCTION = YES;
				GCC_WARN_UNUSED_VARIABLE = YES;
				IPHONEOS_DEPLOYMENT_TARGET = 11.4;
				MTL_ENABLE_DEBUG_INFO = YES;
				ONLY_ACTIVE_ARCH = YES;
				SDKROOT = iphoneos;
				SWIFT_ACTIVE_COMPILATION_CONDITIONS = DEBUG;
				SWIFT_OPTIMIZATION_LEVEL = "-Onone";
			};
			name = Debug;
		};
		7B738B1C2183184400A29EF1 /* Release */ = {
			isa = XCBuildConfiguration;
			buildSettings = {
				ALWAYS_SEARCH_USER_PATHS = NO;
				CLANG_ANALYZER_NONNULL = YES;
				CLANG_ANALYZER_NUMBER_OBJECT_CONVERSION = YES_AGGRESSIVE;
				CLANG_CXX_LANGUAGE_STANDARD = "gnu++14";
				CLANG_CXX_LIBRARY = "libc++";
				CLANG_ENABLE_MODULES = YES;
				CLANG_ENABLE_OBJC_ARC = YES;
				CLANG_ENABLE_OBJC_WEAK = YES;
				CLANG_WARN_BLOCK_CAPTURE_AUTORELEASING = YES;
				CLANG_WARN_BOOL_CONVERSION = YES;
				CLANG_WARN_COMMA = YES;
				CLANG_WARN_CONSTANT_CONVERSION = YES;
				CLANG_WARN_DEPRECATED_OBJC_IMPLEMENTATIONS = YES;
				CLANG_WARN_DIRECT_OBJC_ISA_USAGE = YES_ERROR;
				CLANG_WARN_DOCUMENTATION_COMMENTS = YES;
				CLANG_WARN_EMPTY_BODY = YES;
				CLANG_WARN_ENUM_CONVERSION = YES;
				CLANG_WARN_INFINITE_RECURSION = YES;
				CLANG_WARN_INT_CONVERSION = YES;
				CLANG_WARN_NON_LITERAL_NULL_CONVERSION = YES;
				CLANG_WARN_OBJC_IMPLICIT_RETAIN_SELF = YES;
				CLANG_WARN_OBJC_LITERAL_CONVERSION = YES;
				CLANG_WARN_OBJC_ROOT_CLASS = YES_ERROR;
				CLANG_WARN_RANGE_LOOP_ANALYSIS = YES;
				CLANG_WARN_STRICT_PROTOTYPES = YES;
				CLANG_WARN_SUSPICIOUS_MOVE = YES;
				CLANG_WARN_UNGUARDED_AVAILABILITY = YES_AGGRESSIVE;
				CLANG_WARN_UNREACHABLE_CODE = YES;
				CLANG_WARN__DUPLICATE_METHOD_MATCH = YES;
				CODE_SIGN_IDENTITY = "iPhone Developer";
				COPY_PHASE_STRIP = NO;
				DEBUG_INFORMATION_FORMAT = "dwarf-with-dsym";
				ENABLE_NS_ASSERTIONS = NO;
				ENABLE_STRICT_OBJC_MSGSEND = YES;
				GCC_C_LANGUAGE_STANDARD = gnu11;
				GCC_NO_COMMON_BLOCKS = YES;
				GCC_WARN_64_TO_32_BIT_CONVERSION = YES;
				GCC_WARN_ABOUT_RETURN_TYPE = YES_ERROR;
				GCC_WARN_UNDECLARED_SELECTOR = YES;
				GCC_WARN_UNINITIALIZED_AUTOS = YES_AGGRESSIVE;
				GCC_WARN_UNUSED_FUNCTION = YES;
				GCC_WARN_UNUSED_VARIABLE = YES;
				IPHONEOS_DEPLOYMENT_TARGET = 11.4;
				MTL_ENABLE_DEBUG_INFO = NO;
				SDKROOT = iphoneos;
				SWIFT_COMPILATION_MODE = wholemodule;
				SWIFT_OPTIMIZATION_LEVEL = "-O";
				VALIDATE_PRODUCT = YES;
			};
			name = Release;
		};
		7B738B1E2183184400A29EF1 /* Debug */ = {
			isa = XCBuildConfiguration;
			buildSettings = {
				ASSETCATALOG_COMPILER_APPICON_NAME = AppIcon;
				CODE_SIGN_STYLE = Automatic;
				DEVELOPMENT_TEAM = "";
				INFOPLIST_FILE = Flickr/Info.plist;
				LD_RUNPATH_SEARCH_PATHS = (
					"$(inherited)",
					"@executable_path/Frameworks",
				);
				PRODUCT_BUNDLE_IDENTIFIER = com.nagarjuna.ios.Flickr;
				PRODUCT_NAME = "$(TARGET_NAME)";
				SWIFT_VERSION = 4.0;
				TARGETED_DEVICE_FAMILY = "1,2";
			};
			name = Debug;
		};
		7B738B1F2183184400A29EF1 /* Release */ = {
			isa = XCBuildConfiguration;
			buildSettings = {
				ASSETCATALOG_COMPILER_APPICON_NAME = AppIcon;
				CODE_SIGN_STYLE = Automatic;
				DEVELOPMENT_TEAM = "";
				INFOPLIST_FILE = Flickr/Info.plist;
				LD_RUNPATH_SEARCH_PATHS = (
					"$(inherited)",
					"@executable_path/Frameworks",
				);
				PRODUCT_BUNDLE_IDENTIFIER = com.nagarjuna.ios.Flickr;
				PRODUCT_NAME = "$(TARGET_NAME)";
				SWIFT_VERSION = 4.0;
				TARGETED_DEVICE_FAMILY = "1,2";
			};
			name = Release;
		};
		7B738B212183184400A29EF1 /* Debug */ = {
			isa = XCBuildConfiguration;
			buildSettings = {
				ALWAYS_EMBED_SWIFT_STANDARD_LIBRARIES = YES;
				BUNDLE_LOADER = "$(TEST_HOST)";
				CLANG_ENABLE_MODULES = YES;
				CODE_SIGN_STYLE = Automatic;
				DEVELOPMENT_TEAM = 6U7EV478K2;
				INFOPLIST_FILE = FlickrTests/Info.plist;
				LD_RUNPATH_SEARCH_PATHS = (
					"$(inherited)",
					"@executable_path/Frameworks",
					"@loader_path/Frameworks",
				);
				PRODUCT_BUNDLE_IDENTIFIER = com.nagarjuna.ios.FlickrTests;
				PRODUCT_NAME = "$(TARGET_NAME)";
				SWIFT_OPTIMIZATION_LEVEL = "-Onone";
				SWIFT_VERSION = 4.0;
				TARGETED_DEVICE_FAMILY = "1,2";
				TEST_HOST = "$(BUILT_PRODUCTS_DIR)/Flickr.app/Flickr";
			};
			name = Debug;
		};
		7B738B222183184400A29EF1 /* Release */ = {
			isa = XCBuildConfiguration;
			buildSettings = {
				ALWAYS_EMBED_SWIFT_STANDARD_LIBRARIES = YES;
				BUNDLE_LOADER = "$(TEST_HOST)";
				CLANG_ENABLE_MODULES = YES;
				CODE_SIGN_STYLE = Automatic;
				DEVELOPMENT_TEAM = 6U7EV478K2;
				INFOPLIST_FILE = FlickrTests/Info.plist;
				LD_RUNPATH_SEARCH_PATHS = (
					"$(inherited)",
					"@executable_path/Frameworks",
					"@loader_path/Frameworks",
				);
				PRODUCT_BUNDLE_IDENTIFIER = com.nagarjuna.ios.FlickrTests;
				PRODUCT_NAME = "$(TARGET_NAME)";
				SWIFT_VERSION = 4.0;
				TARGETED_DEVICE_FAMILY = "1,2";
				TEST_HOST = "$(BUILT_PRODUCTS_DIR)/Flickr.app/Flickr";
			};
			name = Release;
		};
		7B738B242183184400A29EF1 /* Debug */ = {
			isa = XCBuildConfiguration;
			buildSettings = {
				ALWAYS_EMBED_SWIFT_STANDARD_LIBRARIES = YES;
				CODE_SIGN_STYLE = Automatic;
				DEVELOPMENT_TEAM = 6U7EV478K2;
				INFOPLIST_FILE = FlickrUITests/Info.plist;
				LD_RUNPATH_SEARCH_PATHS = (
					"$(inherited)",
					"@executable_path/Frameworks",
					"@loader_path/Frameworks",
				);
				PRODUCT_BUNDLE_IDENTIFIER = com.nagarjuna.ios.FlickrUITests;
				PRODUCT_NAME = "$(TARGET_NAME)";
				SWIFT_VERSION = 4.0;
				TARGETED_DEVICE_FAMILY = "1,2";
				TEST_TARGET_NAME = Flickr;
			};
			name = Debug;
		};
		7B738B252183184400A29EF1 /* Release */ = {
			isa = XCBuildConfiguration;
			buildSettings = {
				ALWAYS_EMBED_SWIFT_STANDARD_LIBRARIES = YES;
				CODE_SIGN_STYLE = Automatic;
				DEVELOPMENT_TEAM = 6U7EV478K2;
				INFOPLIST_FILE = FlickrUITests/Info.plist;
				LD_RUNPATH_SEARCH_PATHS = (
					"$(inherited)",
					"@executable_path/Frameworks",
					"@loader_path/Frameworks",
				);
				PRODUCT_BUNDLE_IDENTIFIER = com.nagarjuna.ios.FlickrUITests;
				PRODUCT_NAME = "$(TARGET_NAME)";
				SWIFT_VERSION = 4.0;
				TARGETED_DEVICE_FAMILY = "1,2";
				TEST_TARGET_NAME = Flickr;
			};
			name = Release;
		};
/* End XCBuildConfiguration section */

/* Begin XCConfigurationList section */
		7B738AF02183184000A29EF1 /* Build configuration list for PBXProject "Flickr" */ = {
			isa = XCConfigurationList;
			buildConfigurations = (
				7B738B1B2183184400A29EF1 /* Debug */,
				7B738B1C2183184400A29EF1 /* Release */,
			);
			defaultConfigurationIsVisible = 0;
			defaultConfigurationName = Release;
		};
		7B738B1D2183184400A29EF1 /* Build configuration list for PBXNativeTarget "Flickr" */ = {
			isa = XCConfigurationList;
			buildConfigurations = (
				7B738B1E2183184400A29EF1 /* Debug */,
				7B738B1F2183184400A29EF1 /* Release */,
			);
			defaultConfigurationIsVisible = 0;
			defaultConfigurationName = Release;
		};
		7B738B202183184400A29EF1 /* Build configuration list for PBXNativeTarget "FlickrTests" */ = {
			isa = XCConfigurationList;
			buildConfigurations = (
				7B738B212183184400A29EF1 /* Debug */,
				7B738B222183184400A29EF1 /* Release */,
			);
			defaultConfigurationIsVisible = 0;
			defaultConfigurationName = Release;
		};
		7B738B232183184400A29EF1 /* Build configuration list for PBXNativeTarget "FlickrUITests" */ = {
			isa = XCConfigurationList;
			buildConfigurations = (
				7B738B242183184400A29EF1 /* Debug */,
				7B738B252183184400A29EF1 /* Release */,
			);
			defaultConfigurationIsVisible = 0;
			defaultConfigurationName = Release;
		};
/* End XCConfigurationList section */
	};
	rootObject = 7B738AED2183184000A29EF1 /* Project object */;
}
